{
  "name": "homebridge-envisalink",
  "version": "0.2.16.791",
  "lockfileVersion": 2,
  "requires": true,
  "packages": {
    "": {
      "name": "homebridge-envisalink",
      "version": "0.2.16.791",
      "license": "MIT",
      "dependencies": {
        "dateformat": ">=1.0.12 <=4.6.2",
        "net": ">=1.0",
        "nodealarmproxy": "1.0.1"
      },
      "engines": {
        "homebridge": ">=0.2.0",
        "node": ">=0.12.0"
      },
      "funding": {
        "type": "paypal",
        "url": "https://paypal.me/dustindclark"
      }
    },
    "node_modules/dateformat": {
      "version": "4.6.2",
      "resolved": "https://registry.npmjs.org/dateformat/-/dateformat-4.6.2.tgz",
      "integrity": "sha512-F0wJhamHOa7OyBHo5BDScQei4Nl4GAxaVVTxeWuiewQ5QlNAZFi9VrI5Vt4TDp3WxlUnQ3nZipyfQz8QBeXroQ==",
      "engines": {
        "node": "*"
      }
    },
    "node_modules/net": {
      "version": "1.0.2",
      "resolved": "https://registry.npmjs.org/net/-/net-1.0.2.tgz",
      "integrity": "sha1-0XV+yaf7I3HYPPR1XOPifhCCk4g="
    },
    "node_modules/nodealarmproxy": {
      "version": "1.0.1",
      "resolved": "https://registry.npmjs.org/nodealarmproxy/-/nodealarmproxy-1.0.1.tgz",
      "integrity": "sha512-a5gPqH/Y6ZgdhBS04Lwifac4yRtGSx1hvlCxJ+/3up5Paa6pvtT4DraYYxztbutkq7i+QmENCye4Jx5rS6kKEA=="
    }
  },
  "dependencies": {
    "dateformat": {
      "version": "4.6.2",
      "resolved": "https://registry.npmjs.org/dateformat/-/dateformat-4.6.2.tgz",
      "integrity": "sha512-F0wJhamHOa7OyBHo5BDScQei4Nl4GAxaVVTxeWuiewQ5QlNAZFi9VrI5Vt4TDp3WxlUnQ3nZipyfQz8QBeXroQ=="
    },
    "net": {
      "version": "1.0.2",
      "resolved": "https://registry.npmjs.org/net/-/net-1.0.2.tgz",
      "integrity": "sha1-0XV+yaf7I3HYPPR1XOPifhCCk4g="
    },
    "nodealarmproxy": {
      "version": "1.0.1",
      "resolved": "https://registry.npmjs.org/nodealarmproxy/-/nodealarmproxy-1.0.1.tgz",
      "integrity": "sha512-a5gPqH/Y6ZgdhBS04Lwifac4yRtGSx1hvlCxJ+/3up5Paa6pvtT4DraYYxztbutkq7i+QmENCye4Jx5rS6kKEA=="
    }
  }
}
